// !$*UTF8*$!
{
	archiveVersion = 1;
	classes = {
	};
	objectVersion = 48;
	objects = {

/* Begin PBXBuildFile section */
		341693B42007D35400C61B76 /* AppDelegate.swift in Sources */ = {isa = PBXBuildFile; fileRef = 341693B32007D35400C61B76 /* AppDelegate.swift */; };
		341693B62007D35400C61B76 /* ViewControllerLogin.swift in Sources */ = {isa = PBXBuildFile; fileRef = 341693B52007D35400C61B76 /* ViewControllerLogin.swift */; };
		341693B92007D35400C61B76 /* Main.storyboard in Resources */ = {isa = PBXBuildFile; fileRef = 341693B72007D35400C61B76 /* Main.storyboard */; };
		341693BB2007D35400C61B76 /* Assets.xcassets in Resources */ = {isa = PBXBuildFile; fileRef = 341693BA2007D35400C61B76 /* Assets.xcassets */; };
		341693BE2007D35400C61B76 /* LaunchScreen.storyboard in Resources */ = {isa = PBXBuildFile; fileRef = 341693BC2007D35400C61B76 /* LaunchScreen.storyboard */; };
		3419A1A2207327AD0035804E /* Interface.storyboard in Resources */ = {isa = PBXBuildFile; fileRef = 3419A1A0207327AD0035804E /* Interface.storyboard */; };
		3419A1A4207327AD0035804E /* Assets.xcassets in Resources */ = {isa = PBXBuildFile; fileRef = 3419A1A3207327AD0035804E /* Assets.xcassets */; };
		3419A1AB207327AD0035804E /* Here Watch Extension.appex in Embed App Extensions */ = {isa = PBXBuildFile; fileRef = 3419A1AA207327AD0035804E /* Here Watch Extension.appex */; settings = {ATTRIBUTES = (RemoveHeadersOnCopy, ); }; };
		3419A1B0207327AD0035804E /* InterfaceControllerHere.swift in Sources */ = {isa = PBXBuildFile; fileRef = 3419A1AF207327AD0035804E /* InterfaceControllerHere.swift */; };
		3419A1B2207327AD0035804E /* ExtensionDelegate.swift in Sources */ = {isa = PBXBuildFile; fileRef = 3419A1B1207327AD0035804E /* ExtensionDelegate.swift */; };
		3419A1B4207327AD0035804E /* NotificationController.swift in Sources */ = {isa = PBXBuildFile; fileRef = 3419A1B3207327AD0035804E /* NotificationController.swift */; };
		3419A1B6207327AD0035804E /* ComplicationController.swift in Sources */ = {isa = PBXBuildFile; fileRef = 3419A1B5207327AD0035804E /* ComplicationController.swift */; };
		3419A1B8207327AD0035804E /* Assets.xcassets in Resources */ = {isa = PBXBuildFile; fileRef = 3419A1B7207327AD0035804E /* Assets.xcassets */; };
		3419A1BD207327AD0035804E /* Here Watch.app in Embed Watch Content */ = {isa = PBXBuildFile; fileRef = 3419A19E207327AD0035804E /* Here Watch.app */; };
		3419A1C920736C230035804E /* ViewControllerHere.swift in Sources */ = {isa = PBXBuildFile; fileRef = 3419A1C820736C230035804E /* ViewControllerHere.swift */; };
		34363D1B2035F7BE00BF2656 /* Student.storyboard in Resources */ = {isa = PBXBuildFile; fileRef = 34363D1A2035F7BE00BF2656 /* Student.storyboard */; };
		34363D1E2035F98200BF2656 /* TableViewControllerAssignments.swift in Sources */ = {isa = PBXBuildFile; fileRef = 34363D1D2035F98200BF2656 /* TableViewControllerAssignments.swift */; };
		34363D202035F9CF00BF2656 /* TableViewControllerCourses.swift in Sources */ = {isa = PBXBuildFile; fileRef = 34363D1F2035F9CF00BF2656 /* TableViewControllerCourses.swift */; };
		34363D222035F9F300BF2656 /* ViewControllerAssignmentsNew.swift in Sources */ = {isa = PBXBuildFile; fileRef = 34363D212035F9F300BF2656 /* ViewControllerAssignmentsNew.swift */; };
		34363D242035FA3F00BF2656 /* ViewControllerAssignmentsView.swift in Sources */ = {isa = PBXBuildFile; fileRef = 34363D232035FA3F00BF2656 /* ViewControllerAssignmentsView.swift */; };
		34363D262035FA4C00BF2656 /* ViewControllerCoursesNew.swift in Sources */ = {isa = PBXBuildFile; fileRef = 34363D252035FA4C00BF2656 /* ViewControllerCoursesNew.swift */; };
		34363D282035FA5500BF2656 /* ViewControllerCoursesView.swift in Sources */ = {isa = PBXBuildFile; fileRef = 34363D272035FA5500BF2656 /* ViewControllerCoursesView.swift */; };
		34363D2D2035FC9000BF2656 /* Assignment.swift in Sources */ = {isa = PBXBuildFile; fileRef = 34363D2C2035FC9000BF2656 /* Assignment.swift */; };
		34363D312035FCBE00BF2656 /* Course.swift in Sources */ = {isa = PBXBuildFile; fileRef = 34363D302035FCBE00BF2656 /* Course.swift */; };
		345E1C372047B60E00811395 /* TableViewCellDate.swift in Sources */ = {isa = PBXBuildFile; fileRef = 345E1C362047B60E00811395 /* TableViewCellDate.swift */; };
		345E1C3B2047B63C00811395 /* TableViewCellPriority.swift in Sources */ = {isa = PBXBuildFile; fileRef = 345E1C3A2047B63C00811395 /* TableViewCellPriority.swift */; };
		345E1C3D2047B7D500811395 /* TableViewCellCourseAssignment.swift in Sources */ = {isa = PBXBuildFile; fileRef = 345E1C3C2047B7D500811395 /* TableViewCellCourseAssignment.swift */; };
		34827B27203FD61B00449A00 /* ChromaShadeSlider.swift in Sources */ = {isa = PBXBuildFile; fileRef = 34A29AB8203FD16300700503 /* ChromaShadeSlider.swift */; };
		34827B28203FD61B00449A00 /* UIColor+Utilities.swift in Sources */ = {isa = PBXBuildFile; fileRef = 34A29AB9203FD16300700503 /* UIColor+Utilities.swift */; };
		34827B29203FD61B00449A00 /* ChromaColorPicker.swift in Sources */ = {isa = PBXBuildFile; fileRef = 34A29ABB203FD16300700503 /* ChromaColorPicker.swift */; };
		34827B2A203FD61B00449A00 /* ColorModeToggleButton.swift in Sources */ = {isa = PBXBuildFile; fileRef = 34A29ABC203FD16300700503 /* ColorModeToggleButton.swift */; };
		34827B2B203FD61B00449A00 /* ChromaHandle.swift in Sources */ = {isa = PBXBuildFile; fileRef = 34A29ABE203FD16300700503 /* ChromaHandle.swift */; };
		34827B2C203FD61B00449A00 /* ChromaAddButton.swift in Sources */ = {isa = PBXBuildFile; fileRef = 34A29ABF203FD16300700503 /* ChromaAddButton.swift */; };
		34B2C370206B050D004BA8C1 /* Helper.swift in Sources */ = {isa = PBXBuildFile; fileRef = 34B2C36F206B050D004BA8C1 /* Helper.swift */; };
		34B4FEB52074A0C700C72D90 /* RealmSwift.framework in Frameworks */ = {isa = PBXBuildFile; fileRef = 34B4FEB42074A0C700C72D90 /* RealmSwift.framework */; };
		34B4FEB62074A0C700C72D90 /* RealmSwift.framework in Embed Frameworks */ = {isa = PBXBuildFile; fileRef = 34B4FEB42074A0C700C72D90 /* RealmSwift.framework */; settings = {ATTRIBUTES = (CodeSignOnCopy, RemoveHeadersOnCopy, ); }; };
		34B4FEB92074A0CE00C72D90 /* Realm.framework in Frameworks */ = {isa = PBXBuildFile; fileRef = 34B4FEB82074A0CE00C72D90 /* Realm.framework */; };
		34B4FEBA2074A0CE00C72D90 /* Realm.framework in Embed Frameworks */ = {isa = PBXBuildFile; fileRef = 34B4FEB82074A0CE00C72D90 /* Realm.framework */; settings = {ATTRIBUTES = (CodeSignOnCopy, RemoveHeadersOnCopy, ); }; };
/* End PBXBuildFile section */

/* Begin PBXContainerItemProxy section */
		3419A1AC207327AD0035804E /* PBXContainerItemProxy */ = {
			isa = PBXContainerItemProxy;
			containerPortal = 341693A82007D35400C61B76 /* Project object */;
			proxyType = 1;
			remoteGlobalIDString = 3419A1A9207327AD0035804E;
			remoteInfo = "Here Watch Extension";
		};
		3419A1BB207327AD0035804E /* PBXContainerItemProxy */ = {
			isa = PBXContainerItemProxy;
			containerPortal = 341693A82007D35400C61B76 /* Project object */;
			proxyType = 1;
			remoteGlobalIDString = 3419A19D207327AD0035804E;
			remoteInfo = "Here Watch";
		};
/* End PBXContainerItemProxy section */

/* Begin PBXCopyFilesBuildPhase section */
		3419A1C3207327AD0035804E /* Embed App Extensions */ = {
			isa = PBXCopyFilesBuildPhase;
			buildActionMask = 2147483647;
			dstPath = "";
			dstSubfolderSpec = 13;
			files = (
				3419A1AB207327AD0035804E /* Here Watch Extension.appex in Embed App Extensions */,
			);
			name = "Embed App Extensions";
			runOnlyForDeploymentPostprocessing = 0;
		};
		3419A1C5207327AD0035804E /* Embed Watch Content */ = {
			isa = PBXCopyFilesBuildPhase;
			buildActionMask = 2147483647;
			dstPath = "$(CONTENTS_FOLDER_PATH)/Watch";
			dstSubfolderSpec = 16;
			files = (
				3419A1BD207327AD0035804E /* Here Watch.app in Embed Watch Content */,
			);
			name = "Embed Watch Content";
			runOnlyForDeploymentPostprocessing = 0;
		};
		34B4FEB72074A0C700C72D90 /* Embed Frameworks */ = {
			isa = PBXCopyFilesBuildPhase;
			buildActionMask = 2147483647;
			dstPath = "";
			dstSubfolderSpec = 10;
			files = (
				34B4FEBA2074A0CE00C72D90 /* Realm.framework in Embed Frameworks */,
				34B4FEB62074A0C700C72D90 /* RealmSwift.framework in Embed Frameworks */,
			);
			name = "Embed Frameworks";
			runOnlyForDeploymentPostprocessing = 0;
		};
/* End PBXCopyFilesBuildPhase section */

/* Begin PBXFileReference section */
		341693B02007D35400C61B76 /* Here.app */ = {isa = PBXFileReference; explicitFileType = wrapper.application; includeInIndex = 0; path = Here.app; sourceTree = BUILT_PRODUCTS_DIR; };
		341693B32007D35400C61B76 /* AppDelegate.swift */ = {isa = PBXFileReference; lastKnownFileType = sourcecode.swift; path = AppDelegate.swift; sourceTree = "<group>"; };
		341693B52007D35400C61B76 /* ViewControllerLogin.swift */ = {isa = PBXFileReference; lastKnownFileType = sourcecode.swift; path = ViewControllerLogin.swift; sourceTree = "<group>"; };
		341693B82007D35400C61B76 /* Base */ = {isa = PBXFileReference; lastKnownFileType = file.storyboard; name = Base; path = Base.lproj/Main.storyboard; sourceTree = "<group>"; };
		341693BA2007D35400C61B76 /* Assets.xcassets */ = {isa = PBXFileReference; lastKnownFileType = folder.assetcatalog; path = Assets.xcassets; sourceTree = "<group>"; };
		341693BD2007D35400C61B76 /* Base */ = {isa = PBXFileReference; lastKnownFileType = file.storyboard; name = Base; path = Base.lproj/LaunchScreen.storyboard; sourceTree = "<group>"; };
		341693BF2007D35500C61B76 /* Info.plist */ = {isa = PBXFileReference; lastKnownFileType = text.plist.xml; path = Info.plist; sourceTree = "<group>"; };
		3419A19E207327AD0035804E /* Here Watch.app */ = {isa = PBXFileReference; explicitFileType = wrapper.application; includeInIndex = 0; path = "Here Watch.app"; sourceTree = BUILT_PRODUCTS_DIR; };
		3419A1A1207327AD0035804E /* Base */ = {isa = PBXFileReference; lastKnownFileType = file.storyboard; name = Base; path = Base.lproj/Interface.storyboard; sourceTree = "<group>"; };
		3419A1A3207327AD0035804E /* Assets.xcassets */ = {isa = PBXFileReference; lastKnownFileType = folder.assetcatalog; path = Assets.xcassets; sourceTree = "<group>"; };
		3419A1A5207327AD0035804E /* Info.plist */ = {isa = PBXFileReference; lastKnownFileType = text.plist.xml; path = Info.plist; sourceTree = "<group>"; };
		3419A1AA207327AD0035804E /* Here Watch Extension.appex */ = {isa = PBXFileReference; explicitFileType = "wrapper.app-extension"; includeInIndex = 0; path = "Here Watch Extension.appex"; sourceTree = BUILT_PRODUCTS_DIR; };
		3419A1AF207327AD0035804E /* InterfaceControllerHere.swift */ = {isa = PBXFileReference; lastKnownFileType = sourcecode.swift; path = InterfaceControllerHere.swift; sourceTree = "<group>"; };
		3419A1B1207327AD0035804E /* ExtensionDelegate.swift */ = {isa = PBXFileReference; lastKnownFileType = sourcecode.swift; path = ExtensionDelegate.swift; sourceTree = "<group>"; };
		3419A1B3207327AD0035804E /* NotificationController.swift */ = {isa = PBXFileReference; lastKnownFileType = sourcecode.swift; path = NotificationController.swift; sourceTree = "<group>"; };
		3419A1B5207327AD0035804E /* ComplicationController.swift */ = {isa = PBXFileReference; lastKnownFileType = sourcecode.swift; path = ComplicationController.swift; sourceTree = "<group>"; };
		3419A1B7207327AD0035804E /* Assets.xcassets */ = {isa = PBXFileReference; lastKnownFileType = folder.assetcatalog; path = Assets.xcassets; sourceTree = "<group>"; };
		3419A1B9207327AD0035804E /* Info.plist */ = {isa = PBXFileReference; lastKnownFileType = text.plist.xml; path = Info.plist; sourceTree = "<group>"; };
		3419A1BA207327AD0035804E /* PushNotificationPayload.apns */ = {isa = PBXFileReference; lastKnownFileType = text; path = PushNotificationPayload.apns; sourceTree = "<group>"; };
		3419A1C820736C230035804E /* ViewControllerHere.swift */ = {isa = PBXFileReference; lastKnownFileType = sourcecode.swift; path = ViewControllerHere.swift; sourceTree = "<group>"; };
		34363D1A2035F7BE00BF2656 /* Student.storyboard */ = {isa = PBXFileReference; lastKnownFileType = file.storyboard; path = Student.storyboard; sourceTree = "<group>"; };
		34363D1D2035F98200BF2656 /* TableViewControllerAssignments.swift */ = {isa = PBXFileReference; lastKnownFileType = sourcecode.swift; path = TableViewControllerAssignments.swift; sourceTree = "<group>"; };
		34363D1F2035F9CF00BF2656 /* TableViewControllerCourses.swift */ = {isa = PBXFileReference; lastKnownFileType = sourcecode.swift; path = TableViewControllerCourses.swift; sourceTree = "<group>"; };
		34363D212035F9F300BF2656 /* ViewControllerAssignmentsNew.swift */ = {isa = PBXFileReference; lastKnownFileType = sourcecode.swift; path = ViewControllerAssignmentsNew.swift; sourceTree = "<group>"; };
		34363D232035FA3F00BF2656 /* ViewControllerAssignmentsView.swift */ = {isa = PBXFileReference; lastKnownFileType = sourcecode.swift; path = ViewControllerAssignmentsView.swift; sourceTree = "<group>"; };
		34363D252035FA4C00BF2656 /* ViewControllerCoursesNew.swift */ = {isa = PBXFileReference; lastKnownFileType = sourcecode.swift; path = ViewControllerCoursesNew.swift; sourceTree = "<group>"; };
		34363D272035FA5500BF2656 /* ViewControllerCoursesView.swift */ = {isa = PBXFileReference; lastKnownFileType = sourcecode.swift; path = ViewControllerCoursesView.swift; sourceTree = "<group>"; };
		34363D2C2035FC9000BF2656 /* Assignment.swift */ = {isa = PBXFileReference; lastKnownFileType = sourcecode.swift; path = Assignment.swift; sourceTree = "<group>"; };
		34363D302035FCBE00BF2656 /* Course.swift */ = {isa = PBXFileReference; lastKnownFileType = sourcecode.swift; path = Course.swift; sourceTree = "<group>"; };
		345E1C362047B60E00811395 /* TableViewCellDate.swift */ = {isa = PBXFileReference; lastKnownFileType = sourcecode.swift; path = TableViewCellDate.swift; sourceTree = "<group>"; };
		345E1C3A2047B63C00811395 /* TableViewCellPriority.swift */ = {isa = PBXFileReference; lastKnownFileType = sourcecode.swift; path = TableViewCellPriority.swift; sourceTree = "<group>"; };
		345E1C3C2047B7D500811395 /* TableViewCellCourseAssignment.swift */ = {isa = PBXFileReference; lastKnownFileType = sourcecode.swift; path = TableViewCellCourseAssignment.swift; sourceTree = "<group>"; };
		34A29AB8203FD16300700503 /* ChromaShadeSlider.swift */ = {isa = PBXFileReference; lastKnownFileType = sourcecode.swift; path = ChromaShadeSlider.swift; sourceTree = "<group>"; };
		34A29AB9203FD16300700503 /* UIColor+Utilities.swift */ = {isa = PBXFileReference; lastKnownFileType = sourcecode.swift; path = "UIColor+Utilities.swift"; sourceTree = "<group>"; };
		34A29ABB203FD16300700503 /* ChromaColorPicker.swift */ = {isa = PBXFileReference; lastKnownFileType = sourcecode.swift; path = ChromaColorPicker.swift; sourceTree = "<group>"; };
		34A29ABC203FD16300700503 /* ColorModeToggleButton.swift */ = {isa = PBXFileReference; lastKnownFileType = sourcecode.swift; path = ColorModeToggleButton.swift; sourceTree = "<group>"; };
		34A29ABE203FD16300700503 /* ChromaHandle.swift */ = {isa = PBXFileReference; lastKnownFileType = sourcecode.swift; path = ChromaHandle.swift; sourceTree = "<group>"; };
		34A29ABF203FD16300700503 /* ChromaAddButton.swift */ = {isa = PBXFileReference; lastKnownFileType = sourcecode.swift; path = ChromaAddButton.swift; sourceTree = "<group>"; };
		34B2C36F206B050D004BA8C1 /* Helper.swift */ = {isa = PBXFileReference; lastKnownFileType = sourcecode.swift; path = Helper.swift; sourceTree = "<group>"; };
		34B4FEB42074A0C700C72D90 /* RealmSwift.framework */ = {isa = PBXFileReference; lastKnownFileType = wrapper.framework; path = RealmSwift.framework; sourceTree = "<group>"; };
		34B4FEB82074A0CE00C72D90 /* Realm.framework */ = {isa = PBXFileReference; lastKnownFileType = wrapper.framework; path = Realm.framework; sourceTree = "<group>"; };
/* End PBXFileReference section */

/* Begin PBXFrameworksBuildPhase section */
		341693AD2007D35400C61B76 /* Frameworks */ = {
			isa = PBXFrameworksBuildPhase;
			buildActionMask = 2147483647;
			files = (
				34B4FEB92074A0CE00C72D90 /* Realm.framework in Frameworks */,
				34B4FEB52074A0C700C72D90 /* RealmSwift.framework in Frameworks */,
			);
			runOnlyForDeploymentPostprocessing = 0;
		};
		3419A1A7207327AD0035804E /* Frameworks */ = {
			isa = PBXFrameworksBuildPhase;
			buildActionMask = 2147483647;
			files = (
			);
			runOnlyForDeploymentPostprocessing = 0;
		};
/* End PBXFrameworksBuildPhase section */

/* Begin PBXGroup section */
		341693A72007D35400C61B76 = {
			isa = PBXGroup;
			children = (
				34B4FEB82074A0CE00C72D90 /* Realm.framework */,
				34B4FEB42074A0C700C72D90 /* RealmSwift.framework */,
				34A29AB7203FD16300700503 /* ChromaColorPicker */,
				341693B22007D35400C61B76 /* Here */,
				3419A19F207327AD0035804E /* Here Watch */,
				3419A1AE207327AD0035804E /* Here Watch Extension */,
				341693B12007D35400C61B76 /* Products */,
			);
			sourceTree = "<group>";
		};
		341693B12007D35400C61B76 /* Products */ = {
			isa = PBXGroup;
			children = (
				341693B02007D35400C61B76 /* Here.app */,
				3419A19E207327AD0035804E /* Here Watch.app */,
				3419A1AA207327AD0035804E /* Here Watch Extension.appex */,
			);
			name = Products;
			sourceTree = "<group>";
		};
		341693B22007D35400C61B76 /* Here */ = {
			isa = PBXGroup;
			children = (
				341693B32007D35400C61B76 /* AppDelegate.swift */,
				341693B72007D35400C61B76 /* Main.storyboard */,
				341693BC2007D35400C61B76 /* LaunchScreen.storyboard */,
				34B2C371206B052B004BA8C1 /* Config */,
				3418EBF92022617A00223A72 /* Login */,
				34363D292035FBFA00BF2656 /* DB */,
				34363D1C2035F94300BF2656 /* Students */,
				341693BA2007D35400C61B76 /* Assets.xcassets */,
				341693BF2007D35500C61B76 /* Info.plist */,
			);
			path = Here;
			sourceTree = "<group>";
		};
		3418EBF92022617A00223A72 /* Login */ = {
			isa = PBXGroup;
			children = (
				341693B52007D35400C61B76 /* ViewControllerLogin.swift */,
			);
			path = Login;
			sourceTree = "<group>";
		};
		3419A19F207327AD0035804E /* Here Watch */ = {
			isa = PBXGroup;
			children = (
				3419A1A0207327AD0035804E /* Interface.storyboard */,
				3419A1A3207327AD0035804E /* Assets.xcassets */,
				3419A1A5207327AD0035804E /* Info.plist */,
			);
			path = "Here Watch";
			sourceTree = "<group>";
		};
		3419A1AE207327AD0035804E /* Here Watch Extension */ = {
			isa = PBXGroup;
			children = (
				3419A1AF207327AD0035804E /* InterfaceControllerHere.swift */,
				3419A1B1207327AD0035804E /* ExtensionDelegate.swift */,
				3419A1B3207327AD0035804E /* NotificationController.swift */,
				3419A1B5207327AD0035804E /* ComplicationController.swift */,
				3419A1B7207327AD0035804E /* Assets.xcassets */,
				3419A1B9207327AD0035804E /* Info.plist */,
				3419A1BA207327AD0035804E /* PushNotificationPayload.apns */,
			);
			path = "Here Watch Extension";
			sourceTree = "<group>";
		};
		3419A1CA20736C300035804E /* Here */ = {
			isa = PBXGroup;
			children = (
				3419A1C820736C230035804E /* ViewControllerHere.swift */,
			);
			path = Here;
			sourceTree = "<group>";
		};
		34363D1C2035F94300BF2656 /* Students */ = {
			isa = PBXGroup;
			children = (
				34363D1A2035F7BE00BF2656 /* Student.storyboard */,
				3419A1CA20736C300035804E /* Here */,
				34827B2E2043879900449A00 /* Assignments */,
				34827B2D2043874E00449A00 /* Courses */,
			);
			path = Students;
			sourceTree = "<group>";
		};
		34363D292035FBFA00BF2656 /* DB */ = {
			isa = PBXGroup;
			children = (
				34363D302035FCBE00BF2656 /* Course.swift */,
				34363D2C2035FC9000BF2656 /* Assignment.swift */,
			);
			path = DB;
			sourceTree = "<group>";
		};
		34827B2D2043874E00449A00 /* Courses */ = {
			isa = PBXGroup;
			children = (
				34363D1F2035F9CF00BF2656 /* TableViewControllerCourses.swift */,
				34363D252035FA4C00BF2656 /* ViewControllerCoursesNew.swift */,
				34363D272035FA5500BF2656 /* ViewControllerCoursesView.swift */,
			);
			path = Courses;
			sourceTree = "<group>";
		};
		34827B2E2043879900449A00 /* Assignments */ = {
			isa = PBXGroup;
			children = (
				34363D1D2035F98200BF2656 /* TableViewControllerAssignments.swift */,
				34363D212035F9F300BF2656 /* ViewControllerAssignmentsNew.swift */,
				34363D232035FA3F00BF2656 /* ViewControllerAssignmentsView.swift */,
				345E1C3C2047B7D500811395 /* TableViewCellCourseAssignment.swift */,
				345E1C362047B60E00811395 /* TableViewCellDate.swift */,
				345E1C3A2047B63C00811395 /* TableViewCellPriority.swift */,
			);
			path = Assignments;
			sourceTree = "<group>";
		};
		34A29AB7203FD16300700503 /* ChromaColorPicker */ = {
			isa = PBXGroup;
			children = (
				34A29AB8203FD16300700503 /* ChromaShadeSlider.swift */,
				34A29AB9203FD16300700503 /* UIColor+Utilities.swift */,
				34A29ABB203FD16300700503 /* ChromaColorPicker.swift */,
				34A29ABC203FD16300700503 /* ColorModeToggleButton.swift */,
				34A29ABE203FD16300700503 /* ChromaHandle.swift */,
				34A29ABF203FD16300700503 /* ChromaAddButton.swift */,
			);
			path = ChromaColorPicker;
			sourceTree = "<group>";
		};
		34B2C371206B052B004BA8C1 /* Config */ = {
			isa = PBXGroup;
			children = (
				34B2C36F206B050D004BA8C1 /* Helper.swift */,
			);
			path = Config;
			sourceTree = "<group>";
		};
/* End PBXGroup section */

/* Begin PBXNativeTarget section */
		341693AF2007D35400C61B76 /* Here */ = {
			isa = PBXNativeTarget;
			buildConfigurationList = 341693C22007D35500C61B76 /* Build configuration list for PBXNativeTarget "Here" */;
			buildPhases = (
				341693AC2007D35400C61B76 /* Sources */,
				341693AD2007D35400C61B76 /* Frameworks */,
				341693AE2007D35400C61B76 /* Resources */,
				341693CC2007DADB00C61B76 /* Run Script */,
				3419A1C5207327AD0035804E /* Embed Watch Content */,
				34B4FEB72074A0C700C72D90 /* Embed Frameworks */,
			);
			buildRules = (
			);
			dependencies = (
				3419A1BC207327AD0035804E /* PBXTargetDependency */,
			);
			name = Here;
			productName = Here;
			productReference = 341693B02007D35400C61B76 /* Here.app */;
			productType = "com.apple.product-type.application";
		};
		3419A19D207327AD0035804E /* Here Watch */ = {
			isa = PBXNativeTarget;
			buildConfigurationList = 3419A1C4207327AD0035804E /* Build configuration list for PBXNativeTarget "Here Watch" */;
			buildPhases = (
				3419A19C207327AD0035804E /* Resources */,
				3419A1C3207327AD0035804E /* Embed App Extensions */,
			);
			buildRules = (
			);
			dependencies = (
				3419A1AD207327AD0035804E /* PBXTargetDependency */,
			);
			name = "Here Watch";
			productName = "Here Watch";
			productReference = 3419A19E207327AD0035804E /* Here Watch.app */;
			productType = "com.apple.product-type.application.watchapp2";
		};
		3419A1A9207327AD0035804E /* Here Watch Extension */ = {
			isa = PBXNativeTarget;
			buildConfigurationList = 3419A1C2207327AD0035804E /* Build configuration list for PBXNativeTarget "Here Watch Extension" */;
			buildPhases = (
				3419A1A6207327AD0035804E /* Sources */,
				3419A1A7207327AD0035804E /* Frameworks */,
				3419A1A8207327AD0035804E /* Resources */,
			);
			buildRules = (
			);
			dependencies = (
			);
			name = "Here Watch Extension";
			productName = "Here Watch Extension";
			productReference = 3419A1AA207327AD0035804E /* Here Watch Extension.appex */;
			productType = "com.apple.product-type.watchkit2-extension";
		};
/* End PBXNativeTarget section */

/* Begin PBXProject section */
		341693A82007D35400C61B76 /* Project object */ = {
			isa = PBXProject;
			attributes = {
				LastSwiftUpdateCheck = 0920;
				LastUpgradeCheck = 0920;
				ORGANIZATIONNAME = "Mauro Amarante Esparza";
				TargetAttributes = {
					341693AF2007D35400C61B76 = {
						CreatedOnToolsVersion = 9.2;
						ProvisioningStyle = Automatic;
					};
					3419A19D207327AD0035804E = {
						CreatedOnToolsVersion = 9.2;
						ProvisioningStyle = Automatic;
					};
					3419A1A9207327AD0035804E = {
						CreatedOnToolsVersion = 9.2;
						ProvisioningStyle = Automatic;
					};
				};
			};
			buildConfigurationList = 341693AB2007D35400C61B76 /* Build configuration list for PBXProject "Here" */;
			compatibilityVersion = "Xcode 8.0";
			developmentRegion = en;
			hasScannedForEncodings = 0;
			knownRegions = (
				en,
				Base,
			);
			mainGroup = 341693A72007D35400C61B76;
			productRefGroup = 341693B12007D35400C61B76 /* Products */;
			projectDirPath = "";
			projectRoot = "";
			targets = (
				341693AF2007D35400C61B76 /* Here */,
				3419A19D207327AD0035804E /* Here Watch */,
				3419A1A9207327AD0035804E /* Here Watch Extension */,
			);
		};
/* End PBXProject section */

/* Begin PBXResourcesBuildPhase section */
		341693AE2007D35400C61B76 /* Resources */ = {
			isa = PBXResourcesBuildPhase;
			buildActionMask = 2147483647;
			files = (
				34363D1B2035F7BE00BF2656 /* Student.storyboard in Resources */,
				341693BE2007D35400C61B76 /* LaunchScreen.storyboard in Resources */,
				341693BB2007D35400C61B76 /* Assets.xcassets in Resources */,
				341693B92007D35400C61B76 /* Main.storyboard in Resources */,
			);
			runOnlyForDeploymentPostprocessing = 0;
		};
		3419A19C207327AD0035804E /* Resources */ = {
			isa = PBXResourcesBuildPhase;
			buildActionMask = 2147483647;
			files = (
				3419A1A4207327AD0035804E /* Assets.xcassets in Resources */,
				3419A1A2207327AD0035804E /* Interface.storyboard in Resources */,
			);
			runOnlyForDeploymentPostprocessing = 0;
		};
		3419A1A8207327AD0035804E /* Resources */ = {
			isa = PBXResourcesBuildPhase;
			buildActionMask = 2147483647;
			files = (
				3419A1B8207327AD0035804E /* Assets.xcassets in Resources */,
			);
			runOnlyForDeploymentPostprocessing = 0;
		};
/* End PBXResourcesBuildPhase section */

/* Begin PBXShellScriptBuildPhase section */
		341693CC2007DADB00C61B76 /* Run Script */ = {
			isa = PBXShellScriptBuildPhase;
			buildActionMask = 2147483647;
			files = (
			);
			inputPaths = (
			);
			name = "Run Script";
			outputPaths = (
			);
			runOnlyForDeploymentPostprocessing = 0;
			shellPath = /bin/sh;
			shellScript = "";
		};
/* End PBXShellScriptBuildPhase section */

/* Begin PBXSourcesBuildPhase section */
		341693AC2007D35400C61B76 /* Sources */ = {
			isa = PBXSourcesBuildPhase;
			buildActionMask = 2147483647;
			files = (
				345E1C3D2047B7D500811395 /* TableViewCellCourseAssignment.swift in Sources */,
				34363D282035FA5500BF2656 /* ViewControllerCoursesView.swift in Sources */,
				34363D262035FA4C00BF2656 /* ViewControllerCoursesNew.swift in Sources */,
				34B2C370206B050D004BA8C1 /* Helper.swift in Sources */,
				34827B28203FD61B00449A00 /* UIColor+Utilities.swift in Sources */,
				3419A1C920736C230035804E /* ViewControllerHere.swift in Sources */,
				34363D312035FCBE00BF2656 /* Course.swift in Sources */,
				34827B2A203FD61B00449A00 /* ColorModeToggleButton.swift in Sources */,
				34827B2B203FD61B00449A00 /* ChromaHandle.swift in Sources */,
				34363D242035FA3F00BF2656 /* ViewControllerAssignmentsView.swift in Sources */,
				34363D202035F9CF00BF2656 /* TableViewControllerCourses.swift in Sources */,
				341693B62007D35400C61B76 /* ViewControllerLogin.swift in Sources */,
				34827B27203FD61B00449A00 /* ChromaShadeSlider.swift in Sources */,
				345E1C372047B60E00811395 /* TableViewCellDate.swift in Sources */,
				341693B42007D35400C61B76 /* AppDelegate.swift in Sources */,
				345E1C3B2047B63C00811395 /* TableViewCellPriority.swift in Sources */,
				34363D222035F9F300BF2656 /* ViewControllerAssignmentsNew.swift in Sources */,
				34363D2D2035FC9000BF2656 /* Assignment.swift in Sources */,
				34827B29203FD61B00449A00 /* ChromaColorPicker.swift in Sources */,
				34363D1E2035F98200BF2656 /* TableViewControllerAssignments.swift in Sources */,
				34827B2C203FD61B00449A00 /* ChromaAddButton.swift in Sources */,
			);
			runOnlyForDeploymentPostprocessing = 0;
		};
		3419A1A6207327AD0035804E /* Sources */ = {
			isa = PBXSourcesBuildPhase;
			buildActionMask = 2147483647;
			files = (
				3419A1B4207327AD0035804E /* NotificationController.swift in Sources */,
				3419A1B6207327AD0035804E /* ComplicationController.swift in Sources */,
				3419A1B2207327AD0035804E /* ExtensionDelegate.swift in Sources */,
				3419A1B0207327AD0035804E /* InterfaceControllerHere.swift in Sources */,
			);
			runOnlyForDeploymentPostprocessing = 0;
		};
/* End PBXSourcesBuildPhase section */

/* Begin PBXTargetDependency section */
		3419A1AD207327AD0035804E /* PBXTargetDependency */ = {
			isa = PBXTargetDependency;
			target = 3419A1A9207327AD0035804E /* Here Watch Extension */;
			targetProxy = 3419A1AC207327AD0035804E /* PBXContainerItemProxy */;
		};
		3419A1BC207327AD0035804E /* PBXTargetDependency */ = {
			isa = PBXTargetDependency;
			target = 3419A19D207327AD0035804E /* Here Watch */;
			targetProxy = 3419A1BB207327AD0035804E /* PBXContainerItemProxy */;
		};
/* End PBXTargetDependency section */

/* Begin PBXVariantGroup section */
		341693B72007D35400C61B76 /* Main.storyboard */ = {
			isa = PBXVariantGroup;
			children = (
				341693B82007D35400C61B76 /* Base */,
			);
			name = Main.storyboard;
			sourceTree = "<group>";
		};
		341693BC2007D35400C61B76 /* LaunchScreen.storyboard */ = {
			isa = PBXVariantGroup;
			children = (
				341693BD2007D35400C61B76 /* Base */,
			);
			name = LaunchScreen.storyboard;
			sourceTree = "<group>";
		};
		3419A1A0207327AD0035804E /* Interface.storyboard */ = {
			isa = PBXVariantGroup;
			children = (
				3419A1A1207327AD0035804E /* Base */,
			);
			name = Interface.storyboard;
			sourceTree = "<group>";
		};
/* End PBXVariantGroup section */

/* Begin XCBuildConfiguration section */
		341693C02007D35500C61B76 /* Debug */ = {
			isa = XCBuildConfiguration;
			buildSettings = {
				ALWAYS_SEARCH_USER_PATHS = NO;
				CLANG_ANALYZER_NONNULL = YES;
				CLANG_ANALYZER_NUMBER_OBJECT_CONVERSION = YES_AGGRESSIVE;
				CLANG_CXX_LANGUAGE_STANDARD = "gnu++14";
				CLANG_CXX_LIBRARY = "libc++";
				CLANG_ENABLE_MODULES = YES;
				CLANG_ENABLE_OBJC_ARC = YES;
				CLANG_WARN_BLOCK_CAPTURE_AUTORELEASING = YES;
				CLANG_WARN_BOOL_CONVERSION = YES;
				CLANG_WARN_COMMA = YES;
				CLANG_WARN_CONSTANT_CONVERSION = YES;
				CLANG_WARN_DIRECT_OBJC_ISA_USAGE = YES_ERROR;
				CLANG_WARN_DOCUMENTATION_COMMENTS = YES;
				CLANG_WARN_EMPTY_BODY = YES;
				CLANG_WARN_ENUM_CONVERSION = YES;
				CLANG_WARN_INFINITE_RECURSION = YES;
				CLANG_WARN_INT_CONVERSION = YES;
				CLANG_WARN_NON_LITERAL_NULL_CONVERSION = YES;
				CLANG_WARN_OBJC_LITERAL_CONVERSION = YES;
				CLANG_WARN_OBJC_ROOT_CLASS = YES_ERROR;
				CLANG_WARN_RANGE_LOOP_ANALYSIS = YES;
				CLANG_WARN_STRICT_PROTOTYPES = YES;
				CLANG_WARN_SUSPICIOUS_MOVE = YES;
				CLANG_WARN_UNGUARDED_AVAILABILITY = YES_AGGRESSIVE;
				CLANG_WARN_UNREACHABLE_CODE = YES;
				CLANG_WARN__DUPLICATE_METHOD_MATCH = YES;
				CODE_SIGN_IDENTITY = "iPhone Developer";
				COPY_PHASE_STRIP = NO;
				DEBUG_INFORMATION_FORMAT = dwarf;
				ENABLE_STRICT_OBJC_MSGSEND = YES;
				ENABLE_TESTABILITY = YES;
				GCC_C_LANGUAGE_STANDARD = gnu11;
				GCC_DYNAMIC_NO_PIC = NO;
				GCC_NO_COMMON_BLOCKS = YES;
				GCC_OPTIMIZATION_LEVEL = 0;
				GCC_PREPROCESSOR_DEFINITIONS = (
					"DEBUG=1",
					"$(inherited)",
				);
				GCC_WARN_64_TO_32_BIT_CONVERSION = YES;
				GCC_WARN_ABOUT_RETURN_TYPE = YES_ERROR;
				GCC_WARN_UNDECLARED_SELECTOR = YES;
				GCC_WARN_UNINITIALIZED_AUTOS = YES_AGGRESSIVE;
				GCC_WARN_UNUSED_FUNCTION = YES;
				GCC_WARN_UNUSED_VARIABLE = YES;
				IPHONEOS_DEPLOYMENT_TARGET = 11.2;
				MTL_ENABLE_DEBUG_INFO = YES;
				ONLY_ACTIVE_ARCH = YES;
				SDKROOT = iphoneos;
				SWIFT_ACTIVE_COMPILATION_CONDITIONS = DEBUG;
				SWIFT_OPTIMIZATION_LEVEL = "-Onone";
			};
			name = Debug;
		};
		341693C12007D35500C61B76 /* Release */ = {
			isa = XCBuildConfiguration;
			buildSettings = {
				ALWAYS_SEARCH_USER_PATHS = NO;
				CLANG_ANALYZER_NONNULL = YES;
				CLANG_ANALYZER_NUMBER_OBJECT_CONVERSION = YES_AGGRESSIVE;
				CLANG_CXX_LANGUAGE_STANDARD = "gnu++14";
				CLANG_CXX_LIBRARY = "libc++";
				CLANG_ENABLE_MODULES = YES;
				CLANG_ENABLE_OBJC_ARC = YES;
				CLANG_WARN_BLOCK_CAPTURE_AUTORELEASING = YES;
				CLANG_WARN_BOOL_CONVERSION = YES;
				CLANG_WARN_COMMA = YES;
				CLANG_WARN_CONSTANT_CONVERSION = YES;
				CLANG_WARN_DIRECT_OBJC_ISA_USAGE = YES_ERROR;
				CLANG_WARN_DOCUMENTATION_COMMENTS = YES;
				CLANG_WARN_EMPTY_BODY = YES;
				CLANG_WARN_ENUM_CONVERSION = YES;
				CLANG_WARN_INFINITE_RECURSION = YES;
				CLANG_WARN_INT_CONVERSION = YES;
				CLANG_WARN_NON_LITERAL_NULL_CONVERSION = YES;
				CLANG_WARN_OBJC_LITERAL_CONVERSION = YES;
				CLANG_WARN_OBJC_ROOT_CLASS = YES_ERROR;
				CLANG_WARN_RANGE_LOOP_ANALYSIS = YES;
				CLANG_WARN_STRICT_PROTOTYPES = YES;
				CLANG_WARN_SUSPICIOUS_MOVE = YES;
				CLANG_WARN_UNGUARDED_AVAILABILITY = YES_AGGRESSIVE;
				CLANG_WARN_UNREACHABLE_CODE = YES;
				CLANG_WARN__DUPLICATE_METHOD_MATCH = YES;
				CODE_SIGN_IDENTITY = "iPhone Developer";
				COPY_PHASE_STRIP = NO;
				DEBUG_INFORMATION_FORMAT = "dwarf-with-dsym";
				ENABLE_NS_ASSERTIONS = NO;
				ENABLE_STRICT_OBJC_MSGSEND = YES;
				GCC_C_LANGUAGE_STANDARD = gnu11;
				GCC_NO_COMMON_BLOCKS = YES;
				GCC_WARN_64_TO_32_BIT_CONVERSION = YES;
				GCC_WARN_ABOUT_RETURN_TYPE = YES_ERROR;
				GCC_WARN_UNDECLARED_SELECTOR = YES;
				GCC_WARN_UNINITIALIZED_AUTOS = YES_AGGRESSIVE;
				GCC_WARN_UNUSED_FUNCTION = YES;
				GCC_WARN_UNUSED_VARIABLE = YES;
				IPHONEOS_DEPLOYMENT_TARGET = 11.2;
				MTL_ENABLE_DEBUG_INFO = NO;
				SDKROOT = iphoneos;
				SWIFT_OPTIMIZATION_LEVEL = "-Owholemodule";
				VALIDATE_PRODUCT = YES;
			};
			name = Release;
		};
		341693C32007D35500C61B76 /* Debug */ = {
			isa = XCBuildConfiguration;
			buildSettings = {
				ASSETCATALOG_COMPILER_APPICON_NAME = AppIcon;
				CODE_SIGN_STYLE = Automatic;
				DEVELOPMENT_TEAM = CPUPH3A362;
				FRAMEWORK_SEARCH_PATHS = (
					"$(inherited)",
					"$(PROJECT_DIR)",
				);
				INFOPLIST_FILE = Here/Info.plist;
				LD_RUNPATH_SEARCH_PATHS = "$(inherited) @executable_path/Frameworks";
				PRODUCT_BUNDLE_IDENTIFIER = MAE.Here;
				PRODUCT_NAME = "$(TARGET_NAME)";
				SWIFT_VERSION = 4.0;
				TARGETED_DEVICE_FAMILY = 1;
			};
			name = Debug;
		};
		341693C42007D35500C61B76 /* Release */ = {
			isa = XCBuildConfiguration;
			buildSettings = {
				ASSETCATALOG_COMPILER_APPICON_NAME = AppIcon;
				CODE_SIGN_STYLE = Automatic;
				DEVELOPMENT_TEAM = CPUPH3A362;
				FRAMEWORK_SEARCH_PATHS = (
					"$(inherited)",
					"$(PROJECT_DIR)",
				);
				INFOPLIST_FILE = Here/Info.plist;
				LD_RUNPATH_SEARCH_PATHS = "$(inherited) @executable_path/Frameworks";
				PRODUCT_BUNDLE_IDENTIFIER = MAE.Here;
				PRODUCT_NAME = "$(TARGET_NAME)";
				SWIFT_VERSION = 4.0;
				TARGETED_DEVICE_FAMILY = 1;
			};
			name = Release;
		};
		3419A1BE207327AD0035804E /* Debug */ = {
			isa = XCBuildConfiguration;
			buildSettings = {
				ALWAYS_EMBED_SWIFT_STANDARD_LIBRARIES = YES;
				ASSETCATALOG_COMPILER_APPICON_NAME = AppIcon;
				CODE_SIGN_STYLE = Automatic;
				DEVELOPMENT_TEAM = CPUPH3A362;
				IBSC_MODULE = Here_Watch_Extension;
				INFOPLIST_FILE = "Here Watch/Info.plist";
				PRODUCT_BUNDLE_IDENTIFIER = MAE.Here.watchkitapp;
				PRODUCT_NAME = "$(TARGET_NAME)";
				SDKROOT = watchos;
				SKIP_INSTALL = YES;
				SWIFT_VERSION = 4.0;
				TARGETED_DEVICE_FAMILY = 4;
				WATCHOS_DEPLOYMENT_TARGET = 4.2;
			};
			name = Debug;
		};
		3419A1BF207327AD0035804E /* Release */ = {
			isa = XCBuildConfiguration;
			buildSettings = {
				ALWAYS_EMBED_SWIFT_STANDARD_LIBRARIES = YES;
				ASSETCATALOG_COMPILER_APPICON_NAME = AppIcon;
				CODE_SIGN_STYLE = Automatic;
				DEVELOPMENT_TEAM = CPUPH3A362;
				IBSC_MODULE = Here_Watch_Extension;
				INFOPLIST_FILE = "Here Watch/Info.plist";
				PRODUCT_BUNDLE_IDENTIFIER = MAE.Here.watchkitapp;
				PRODUCT_NAME = "$(TARGET_NAME)";
				SDKROOT = watchos;
				SKIP_INSTALL = YES;
				SWIFT_VERSION = 4.0;
				TARGETED_DEVICE_FAMILY = 4;
				WATCHOS_DEPLOYMENT_TARGET = 4.2;
			};
			name = Release;
		};
		3419A1C0207327AD0035804E /* Debug */ = {
			isa = XCBuildConfiguration;
			buildSettings = {
				ASSETCATALOG_COMPILER_COMPLICATION_NAME = Complication;
				CODE_SIGN_STYLE = Automatic;
				DEVELOPMENT_TEAM = CPUPH3A362;
				INFOPLIST_FILE = "Here Watch Extension/Info.plist";
				LD_RUNPATH_SEARCH_PATHS = "$(inherited) @executable_path/Frameworks @executable_path/../../Frameworks";
				PRODUCT_BUNDLE_IDENTIFIER = MAE.Here.watchkitapp.watchkitextension;
				PRODUCT_NAME = "${TARGET_NAME}";
				SDKROOT = watchos;
				SKIP_INSTALL = YES;
				SWIFT_VERSION = 4.0;
				TARGETED_DEVICE_FAMILY = 4;
				WATCHOS_DEPLOYMENT_TARGET = 4.2;
			};
			name = Debug;
		};
		3419A1C1207327AD0035804E /* Release */ = {
			isa = XCBuildConfiguration;
			buildSettings = {
				ASSETCATALOG_COMPILER_COMPLICATION_NAME = Complication;
				CODE_SIGN_STYLE = Automatic;
				DEVELOPMENT_TEAM = CPUPH3A362;
				INFOPLIST_FILE = "Here Watch Extension/Info.plist";
				LD_RUNPATH_SEARCH_PATHS = "$(inherited) @executable_path/Frameworks @executable_path/../../Frameworks";
				PRODUCT_BUNDLE_IDENTIFIER = MAE.Here.watchkitapp.watchkitextension;
				PRODUCT_NAME = "${TARGET_NAME}";
				SDKROOT = watchos;
				SKIP_INSTALL = YES;
				SWIFT_VERSION = 4.0;
				TARGETED_DEVICE_FAMILY = 4;
				WATCHOS_DEPLOYMENT_TARGET = 4.2;
			};
			name = Release;
		};
/* End XCBuildConfiguration section */

/* Begin XCConfigurationList section */
		341693AB2007D35400C61B76 /* Build configuration list for PBXProject "Here" */ = {
			isa = XCConfigurationList;
			buildConfigurations = (
				341693C02007D35500C61B76 /* Debug */,
				341693C12007D35500C61B76 /* Release */,
			);
			defaultConfigurationIsVisible = 0;
			defaultConfigurationName = Release;
		};
		341693C22007D35500C61B76 /* Build configuration list for PBXNativeTarget "Here" */ = {
			isa = XCConfigurationList;
			buildConfigurations = (
				341693C32007D35500C61B76 /* Debug */,
				341693C42007D35500C61B76 /* Release */,
			);
			defaultConfigurationIsVisible = 0;
			defaultConfigurationName = Release;
		};
		3419A1C2207327AD0035804E /* Build configuration list for PBXNativeTarget "Here Watch Extension" */ = {
			isa = XCConfigurationList;
			buildConfigurations = (
				3419A1C0207327AD0035804E /* Debug */,
				3419A1C1207327AD0035804E /* Release */,
			);
			defaultConfigurationIsVisible = 0;
			defaultConfigurationName = Release;
		};
		3419A1C4207327AD0035804E /* Build configuration list for PBXNativeTarget "Here Watch" */ = {
			isa = XCConfigurationList;
			buildConfigurations = (
				3419A1BE207327AD0035804E /* Debug */,
				3419A1BF207327AD0035804E /* Release */,
			);
			defaultConfigurationIsVisible = 0;
			defaultConfigurationName = Release;
		};
/* End XCConfigurationList section */
	};
	rootObject = 341693A82007D35400C61B76 /* Project object */;
}
